
Microsoft Visual Studio Solution File, Format Version 12.00
# Visual Studio Version 17
VisualStudioVersion = 17.14.36414.22 d17.14
MinimumVisualStudioVersion = 10.0.40219.1
Project("{FAE04EC0-301F-11D3-BF4B-00C04F79EFBC}") = "FlowLog", "FlowLog\FlowLog.csproj", "{F6C01C41-2B82-4C20-8559-ACDA9F23EC58}"
EndProject
Global
	GlobalSection(SolutionConfigurationPlatforms) = preSolution
		Debug|Any CPU = Debug|Any CPU
		Release|Any CPU = Release|Any CPU
	EndGlobalSection
	GlobalSection(ProjectConfigurationPlatforms) = postSolution
		{F6C01C41-2B82-4C20-8559-ACDA9F23EC58}.Debug|Any CPU.ActiveCfg = Debug|Any CPU
		{F6C01C41-2B82-4C20-8559-ACDA9F23EC58}.Debug|Any CPU.Build.0 = Debug|Any CPU
		{F6C01C41-2B82-4C20-8559-ACDA9F23EC58}.Release|Any CPU.ActiveCfg = Release|Any CPU
		{F6C01C41-2B82-4C20-8559-ACDA9F23EC58}.Release|Any CPU.Build.0 = Release|Any CPU
	EndGlobalSection
	GlobalSection(SolutionProperties) = preSolution
		HideSolutionNode = FALSE
	EndGlobalSection
	GlobalSection(ExtensibilityGlobals) = postSolution
		SolutionGuid = {3A068D48-E227-4CCB-88EB-927FDB631E49}
	EndGlobalSection
EndGlobal
